# This file is automatically @generated by Poetry 1.8.2 and should not be changed by hand.

[[package]]
name = "click"
version = "8.1.7"
description = "Composable command line interface toolkit"
optional = false
python-versions = ">=3.7"
files = [
    {file = "click-8.1.7-py3-none-any.whl", hash = "sha256:ae74fb96c20a0277a1d615f1e4d73c8414f5a98db8b799a7931d1582f3390c28"},
    {file = "click-8.1.7.tar.gz", hash = "sha256:ca9853ad459e787e2192211578cc907e7594e294c7ccc834310722b41b9ca6de"},
]

[package.dependencies]
colorama = {version = "*", markers = "platform_system == \"Windows\""}

[[package]]
name = "colorama"
version = "0.4.6"
description = "Cross-platform colored terminal text."
optional = false
python-versions = "!=3.0.*,!=3.1.*,!=3.2.*,!=3.3.*,!=3.4.*,!=3.5.*,!=3.6.*,>=2.7"
files = [
    {file = "colorama-0.4.6-py2.py3-none-any.whl", hash = "sha256:4f1d9991f5acc0ca119f9d443620b77f9d6b33703e51011c16baf57afb285fc6"},
    {file = "colorama-0.4.6.tar.gz", hash = "sha256:08695f5cb7ed6e0531a20572697297273c47b8cae5a63ffc6d6ed5c201be6e44"},
]

[[package]]
name = "dawg-python"
version = "0.7.2"
description = "Pure-python reader for DAWGs (DAFSAs) created by dawgdic C++ library or DAWG Python extension."
optional = false
python-versions = "*"
files = [
    {file = "DAWG-Python-0.7.2.tar.gz", hash = "sha256:4a5e3286e6261cca02f205cfd5516a7ab10190fa30c51c28d345808f595e3421"},
    {file = "DAWG_Python-0.7.2-py2.py3-none-any.whl", hash = "sha256:4941d5df081b8d6fcb4597e073a9f60d5c1ccc9d17cd733e8744d7ecfec94ef3"},
]

[[package]]
name = "docopt"
version = "0.6.2"
description = "Pythonic argument parser, that will make you smile"
optional = false
python-versions = "*"
files = [
    {file = "docopt-0.6.2.tar.gz", hash = "sha256:49b3a825280bd66b3aa83585ef59c4a8c82f2c8a522dbe754a8bc8d08c85c491"},
]

[[package]]
name = "joblib"
version = "1.4.2"
description = "Lightweight pipelining with Python functions"
optional = false
python-versions = ">=3.8"
files = [
    {file = "joblib-1.4.2-py3-none-any.whl", hash = "sha256:06d478d5674cbc267e7496a410ee875abd68e4340feff4490bcb7afb88060ae6"},
    {file = "joblib-1.4.2.tar.gz", hash = "sha256:2382c5816b2636fbd20a09e0f4e9dad4736765fdfb7dca582943b9c1366b3f0e"},
]

[[package]]
name = "nltk"
version = "3.8.1"
description = "Natural Language Toolkit"
optional = false
python-versions = ">=3.7"
files = [
    {file = "nltk-3.8.1-py3-none-any.whl", hash = "sha256:fd5c9109f976fa86bcadba8f91e47f5e9293bd034474752e92a520f81c93dda5"},
    {file = "nltk-3.8.1.zip", hash = "sha256:1834da3d0682cba4f2cede2f9aad6b0fafb6461ba451db0efb6f9c39798d64d3"},
]

[package.dependencies]
click = "*"
joblib = "*"
regex = ">=2021.8.3"
tqdm = "*"

[package.extras]
all = ["matplotlib", "numpy", "pyparsing", "python-crfsuite", "requests", "scikit-learn", "scipy", "twython"]
corenlp = ["requests"]
machine-learning = ["numpy", "python-crfsuite", "scikit-learn", "scipy"]
plot = ["matplotlib"]
tgrep = ["pyparsing"]
twitter = ["twython"]

[[package]]
name = "pika"
version = "1.3.2"
description = "Pika Python AMQP Client Library"
optional = false
python-versions = ">=3.7"
files = [
    {file = "pika-1.3.2-py3-none-any.whl", hash = "sha256:0779a7c1fafd805672796085560d290213a465e4f6f76a6fb19e378d8041a14f"},
    {file = "pika-1.3.2.tar.gz", hash = "sha256:b2a327ddddf8570b4965b3576ac77091b850262d34ce8c1d8cb4e4146aa4145f"},
]

[package.extras]
gevent = ["gevent"]
tornado = ["tornado"]
twisted = ["twisted"]

[[package]]
name = "pymorphy2"
version = "0.9.1"
description = "Morphological analyzer (POS tagger + inflection engine) for Russian language."
optional = false
python-versions = "*"
files = [
    {file = "pymorphy2-0.9.1-py3-none-any.whl", hash = "sha256:a5224ec153cd6920a33961ae636793ad5185143bc8045b3f9a9f8bd62ecacf68"},
    {file = "pymorphy2-0.9.1.tar.gz", hash = "sha256:86c447157dee2eb2341efbe4538e1281a754756ba1aa32da77a89614c58b560c"},
]

[package.dependencies]
dawg-python = ">=0.7.1"
docopt = ">=0.6"
pymorphy2-dicts-ru = ">=2.4,<3.0"

[package.extras]
fast = ["DAWG (>=0.8)"]

[[package]]
name = "pymorphy2-dicts-ru"
version = "2.4.417127.4579844"
description = "Russian dictionaries for pymorphy2"
optional = false
python-versions = "*"
files = [
    {file = "pymorphy2-dicts-ru-2.4.417127.4579844.tar.gz", hash = "sha256:78cad03adca605021abd387a3b2eb515c851b86e94682a1ef2354a2c74fcc196"},
    {file = "pymorphy2_dicts_ru-2.4.417127.4579844-py2.py3-none-any.whl", hash = "sha256:9a322a6ee78fd4a5dceead0545c24b9a91687ad5df95cbac1b36f6c36cbb498a"},
]

[[package]]
name = "python-dotenv"
version = "1.0.1"
description = "Read key-value pairs from a .env file and set them as environment variables"
optional = false
python-versions = ">=3.8"
files = [
    {file = "python-dotenv-1.0.1.tar.gz", hash = "sha256:e324ee90a023d808f1959c46bcbc04446a10ced277783dc6ee09987c37ec10ca"},
    {file = "python_dotenv-1.0.1-py3-none-any.whl", hash = "sha256:f7b63ef50f1b690dddf550d03497b66d609393b40b564ed0d674909a68ebf16a"},
]

[package.extras]
cli = ["click (>=5.0)"]

[[package]]
name = "regex"
version = "2024.4.28"
description = "Alternative regular expression module, to replace re."
optional = false
python-versions = ">=3.8"
files = [
    {file = "regex-2024.4.28-cp310-cp310-macosx_10_9_universal2.whl", hash = "sha256:cd196d056b40af073d95a2879678585f0b74ad35190fac04ca67954c582c6b61"},
    {file = "regex-2024.4.28-cp310-cp310-macosx_10_9_x86_64.whl", hash = "sha256:8bb381f777351bd534462f63e1c6afb10a7caa9fa2a421ae22c26e796fe31b1f"},
    {file = "regex-2024.4.28-cp310-cp310-macosx_11_0_arm64.whl", hash = "sha256:47af45b6153522733aa6e92543938e97a70ce0900649ba626cf5aad290b737b6"},
    {file = "regex-2024.4.28-cp310-cp310-manylinux_2_17_aarch64.manylinux2014_aarch64.whl", hash = "sha256:99d6a550425cc51c656331af0e2b1651e90eaaa23fb4acde577cf15068e2e20f"},
    {file = "regex-2024.4.28-cp310-cp310-manylinux_2_17_ppc64le.manylinux2014_ppc64le.whl", hash = "sha256:bf29304a8011feb58913c382902fde3395957a47645bf848eea695839aa101b7"},
    {file = "regex-2024.4.28-cp310-cp310-manylinux_2_17_s390x.manylinux2014_s390x.whl", hash = "sha256:92da587eee39a52c91aebea8b850e4e4f095fe5928d415cb7ed656b3460ae79a"},
    {file = "regex-2024.4.28-cp310-cp310-manylinux_2_17_x86_64.manylinux2014_x86_64.whl", hash = "sha256:6277d426e2f31bdbacb377d17a7475e32b2d7d1f02faaecc48d8e370c6a3ff31"},
    {file = "regex-2024.4.28-cp310-cp310-manylinux_2_5_i686.manylinux1_i686.manylinux_2_17_i686.manylinux2014_i686.whl", hash = "sha256:28e1f28d07220c0f3da0e8fcd5a115bbb53f8b55cecf9bec0c946eb9a059a94c"},
    {file = "regex-2024.4.28-cp310-cp310-manylinux_2_5_x86_64.manylinux1_x86_64.manylinux_2_12_x86_64.manylinux2010_x86_64.whl", hash = "sha256:aaa179975a64790c1f2701ac562b5eeb733946eeb036b5bcca05c8d928a62f10"},
    {file = "regex-2024.4.28-cp310-cp310-musllinux_1_1_aarch64.whl", hash = "sha256:6f435946b7bf7a1b438b4e6b149b947c837cb23c704e780c19ba3e6855dbbdd3"},
    {file = "regex-2024.4.28-cp310-cp310-musllinux_1_1_i686.whl", hash = "sha256:19d6c11bf35a6ad077eb23852827f91c804eeb71ecb85db4ee1386825b9dc4db"},
    {file = "regex-2024.4.28-cp310-cp310-musllinux_1_1_ppc64le.whl", hash = "sha256:fdae0120cddc839eb8e3c15faa8ad541cc6d906d3eb24d82fb041cfe2807bc1e"},
    {file = "regex-2024.4.28-cp310-cp310-musllinux_1_1_s390x.whl", hash = "sha256:e672cf9caaf669053121f1766d659a8813bd547edef6e009205378faf45c67b8"},
    {file = "regex-2024.4.28-cp310-cp310-musllinux_1_1_x86_64.whl", hash = "sha256:f57515750d07e14743db55d59759893fdb21d2668f39e549a7d6cad5d70f9fea"},
    {file = "regex-2024.4.28-cp310-cp310-win32.whl", hash = "sha256:a1409c4eccb6981c7baabc8888d3550df518add6e06fe74fa1d9312c1838652d"},
    {file = "regex-2024.4.28-cp310-cp310-win_amd64.whl", hash = "sha256:1f687a28640f763f23f8a9801fe9e1b37338bb1ca5d564ddd41619458f1f22d1"},
    {file = "regex-2024.4.28-cp311-cp311-macosx_10_9_universal2.whl", hash = "sha256:84077821c85f222362b72fdc44f7a3a13587a013a45cf14534df1cbbdc9a6796"},
    {file = "regex-2024.4.28-cp311-cp311-macosx_10_9_x86_64.whl", hash = "sha256:b45d4503de8f4f3dc02f1d28a9b039e5504a02cc18906cfe744c11def942e9eb"},
    {file = "regex-2024.4.28-cp311-cp311-macosx_11_0_arm64.whl", hash = "sha256:457c2cd5a646dd4ed536c92b535d73548fb8e216ebee602aa9f48e068fc393f3"},
    {file = "regex-2024.4.28-cp311-cp311-manylinux_2_17_aarch64.manylinux2014_aarch64.whl", hash = "sha256:2b51739ddfd013c6f657b55a508de8b9ea78b56d22b236052c3a85a675102dc6"},
    {file = "regex-2024.4.28-cp311-cp311-manylinux_2_17_ppc64le.manylinux2014_ppc64le.whl", hash = "sha256:459226445c7d7454981c4c0ce0ad1a72e1e751c3e417f305722bbcee6697e06a"},
    {file = "regex-2024.4.28-cp311-cp311-manylinux_2_17_s390x.manylinux2014_s390x.whl", hash = "sha256:670fa596984b08a4a769491cbdf22350431970d0112e03d7e4eeaecaafcd0fec"},
    {file = "regex-2024.4.28-cp311-cp311-manylinux_2_17_x86_64.manylinux2014_x86_64.whl", hash = "sha256:fe00f4fe11c8a521b173e6324d862ee7ee3412bf7107570c9b564fe1119b56fb"},
    {file = "regex-2024.4.28-cp311-cp311-manylinux_2_5_i686.manylinux1_i686.manylinux_2_17_i686.manylinux2014_i686.whl", hash = "sha256:36f392dc7763fe7924575475736bddf9ab9f7a66b920932d0ea50c2ded2f5636"},
    {file = "regex-2024.4.28-cp311-cp311-musllinux_1_1_aarch64.whl", hash = "sha256:23a412b7b1a7063f81a742463f38821097b6a37ce1e5b89dd8e871d14dbfd86b"},
    {file = "regex-2024.4.28-cp311-cp311-musllinux_1_1_i686.whl", hash = "sha256:f1d6e4b7b2ae3a6a9df53efbf199e4bfcff0959dbdb5fd9ced34d4407348e39a"},
    {file = "regex-2024.4.28-cp311-cp311-musllinux_1_1_ppc64le.whl", hash = "sha256:499334ad139557de97cbc4347ee921c0e2b5e9c0f009859e74f3f77918339257"},
    {file = "regex-2024.4.28-cp311-cp311-musllinux_1_1_s390x.whl", hash = "sha256:0940038bec2fe9e26b203d636c44d31dd8766abc1fe66262da6484bd82461ccf"},
    {file = "regex-2024.4.28-cp311-cp311-musllinux_1_1_x86_64.whl", hash = "sha256:66372c2a01782c5fe8e04bff4a2a0121a9897e19223d9eab30c54c50b2ebeb7f"},
    {file = "regex-2024.4.28-cp311-cp311-win32.whl", hash = "sha256:c77d10ec3c1cf328b2f501ca32583625987ea0f23a0c2a49b37a39ee5c4c4630"},
    {file = "regex-2024.4.28-cp311-cp311-win_amd64.whl", hash = "sha256:fc0916c4295c64d6890a46e02d4482bb5ccf33bf1a824c0eaa9e83b148291f90"},
    {file = "regex-2024.4.28-cp312-cp312-macosx_10_9_universal2.whl", hash = "sha256:08a1749f04fee2811c7617fdd46d2e46d09106fa8f475c884b65c01326eb15c5"},
    {file = "regex-2024.4.28-cp312-cp312-macosx_10_9_x86_64.whl", hash = "sha256:b8eb28995771c087a73338f695a08c9abfdf723d185e57b97f6175c5051ff1ae"},
    {file = "regex-2024.4.28-cp312-cp312-macosx_11_0_arm64.whl", hash = "sha256:dd7ef715ccb8040954d44cfeff17e6b8e9f79c8019daae2fd30a8806ef5435c0"},
    {file = "regex-2024.4.28-cp312-cp312-manylinux_2_17_aarch64.manylinux2014_aarch64.whl", hash = "sha256:fb0315a2b26fde4005a7c401707c5352df274460f2f85b209cf6024271373013"},
    {file = "regex-2024.4.28-cp312-cp312-manylinux_2_17_ppc64le.manylinux2014_ppc64le.whl", hash = "sha256:f2fc053228a6bd3a17a9b0a3f15c3ab3cf95727b00557e92e1cfe094b88cc662"},
    {file = "regex-2024.4.28-cp312-cp312-manylinux_2_17_s390x.manylinux2014_s390x.whl", hash = "sha256:7fe9739a686dc44733d52d6e4f7b9c77b285e49edf8570754b322bca6b85b4cc"},
    {file = "regex-2024.4.28-cp312-cp312-manylinux_2_17_x86_64.manylinux2014_x86_64.whl", hash = "sha256:a74fcf77d979364f9b69fcf8200849ca29a374973dc193a7317698aa37d8b01c"},
    {file = "regex-2024.4.28-cp312-cp312-manylinux_2_5_i686.manylinux1_i686.manylinux_2_17_i686.manylinux2014_i686.whl", hash = "sha256:965fd0cf4694d76f6564896b422724ec7b959ef927a7cb187fc6b3f4e4f59833"},
    {file = "regex-2024.4.28-cp312-cp312-musllinux_1_1_aarch64.whl", hash = "sha256:2fef0b38c34ae675fcbb1b5db760d40c3fc3612cfa186e9e50df5782cac02bcd"},
    {file = "regex-2024.4.28-cp312-cp312-musllinux_1_1_i686.whl", hash = "sha256:bc365ce25f6c7c5ed70e4bc674f9137f52b7dd6a125037f9132a7be52b8a252f"},
    {file = "regex-2024.4.28-cp312-cp312-musllinux_1_1_ppc64le.whl", hash = "sha256:ac69b394764bb857429b031d29d9604842bc4cbfd964d764b1af1868eeebc4f0"},
    {file = "regex-2024.4.28-cp312-cp312-musllinux_1_1_s390x.whl", hash = "sha256:144a1fc54765f5c5c36d6d4b073299832aa1ec6a746a6452c3ee7b46b3d3b11d"},
    {file = "regex-2024.4.28-cp312-cp312-musllinux_1_1_x86_64.whl", hash = "sha256:2630ca4e152c221072fd4a56d4622b5ada876f668ecd24d5ab62544ae6793ed6"},
    {file = "regex-2024.4.28-cp312-cp312-win32.whl", hash = "sha256:7f3502f03b4da52bbe8ba962621daa846f38489cae5c4a7b5d738f15f6443d17"},
    {file = "regex-2024.4.28-cp312-cp312-win_amd64.whl", hash = "sha256:0dd3f69098511e71880fb00f5815db9ed0ef62c05775395968299cb400aeab82"},
    {file = "regex-2024.4.28-cp38-cp38-macosx_10_9_universal2.whl", hash = "sha256:374f690e1dd0dbdcddea4a5c9bdd97632cf656c69113f7cd6a361f2a67221cb6"},
    {file = "regex-2024.4.28-cp38-cp38-macosx_10_9_x86_64.whl", hash = "sha256:25f87ae6b96374db20f180eab083aafe419b194e96e4f282c40191e71980c666"},
    {file = "regex-2024.4.28-cp38-cp38-macosx_11_0_arm64.whl", hash = "sha256:5dbc1bcc7413eebe5f18196e22804a3be1bfdfc7e2afd415e12c068624d48247"},
    {file = "regex-2024.4.28-cp38-cp38-manylinux_2_17_aarch64.manylinux2014_aarch64.whl", hash = "sha256:f85151ec5a232335f1be022b09fbbe459042ea1951d8a48fef251223fc67eee1"},
    {file = "regex-2024.4.28-cp38-cp38-manylinux_2_17_ppc64le.manylinux2014_ppc64le.whl", hash = "sha256:57ba112e5530530fd175ed550373eb263db4ca98b5f00694d73b18b9a02e7185"},
    {file = "regex-2024.4.28-cp38-cp38-manylinux_2_17_s390x.manylinux2014_s390x.whl", hash = "sha256:224803b74aab56aa7be313f92a8d9911dcade37e5f167db62a738d0c85fdac4b"},
    {file = "regex-2024.4.28-cp38-cp38-manylinux_2_17_x86_64.manylinux2014_x86_64.whl", hash = "sha256:0a54a047b607fd2d2d52a05e6ad294602f1e0dec2291152b745870afc47c1397"},
    {file = "regex-2024.4.28-cp38-cp38-manylinux_2_5_i686.manylinux1_i686.manylinux_2_17_i686.manylinux2014_i686.whl", hash = "sha256:0a2a512d623f1f2d01d881513af9fc6a7c46e5cfffb7dc50c38ce959f9246c94"},
    {file = "regex-2024.4.28-cp38-cp38-manylinux_2_5_x86_64.manylinux1_x86_64.manylinux_2_12_x86_64.manylinux2010_x86_64.whl", hash = "sha256:c06bf3f38f0707592898428636cbb75d0a846651b053a1cf748763e3063a6925"},
    {file = "regex-2024.4.28-cp38-cp38-musllinux_1_1_aarch64.whl", hash = "sha256:1031a5e7b048ee371ab3653aad3030ecfad6ee9ecdc85f0242c57751a05b0ac4"},
    {file = "regex-2024.4.28-cp38-cp38-musllinux_1_1_i686.whl", hash = "sha256:d7a353ebfa7154c871a35caca7bfd8f9e18666829a1dc187115b80e35a29393e"},
    {file = "regex-2024.4.28-cp38-cp38-musllinux_1_1_ppc64le.whl", hash = "sha256:7e76b9cfbf5ced1aca15a0e5b6f229344d9b3123439ffce552b11faab0114a02"},
    {file = "regex-2024.4.28-cp38-cp38-musllinux_1_1_s390x.whl", hash = "sha256:5ce479ecc068bc2a74cb98dd8dba99e070d1b2f4a8371a7dfe631f85db70fe6e"},
    {file = "regex-2024.4.28-cp38-cp38-musllinux_1_1_x86_64.whl", hash = "sha256:7d77b6f63f806578c604dca209280e4c54f0fa9a8128bb8d2cc5fb6f99da4150"},
    {file = "regex-2024.4.28-cp38-cp38-win32.whl", hash = "sha256:d84308f097d7a513359757c69707ad339da799e53b7393819ec2ea36bc4beb58"},
    {file = "regex-2024.4.28-cp38-cp38-win_amd64.whl", hash = "sha256:2cc1b87bba1dd1a898e664a31012725e48af826bf3971e786c53e32e02adae6c"},
    {file = "regex-2024.4.28-cp39-cp39-macosx_10_9_universal2.whl", hash = "sha256:7413167c507a768eafb5424413c5b2f515c606be5bb4ef8c5dee43925aa5718b"},
    {file = "regex-2024.4.28-cp39-cp39-macosx_10_9_x86_64.whl", hash = "sha256:108e2dcf0b53a7c4ab8986842a8edcb8ab2e59919a74ff51c296772e8e74d0ae"},
    {file = "regex-2024.4.28-cp39-cp39-macosx_11_0_arm64.whl", hash = "sha256:f1c5742c31ba7d72f2dedf7968998730664b45e38827637e0f04a2ac7de2f5f1"},
    {file = "regex-2024.4.28-cp39-cp39-manylinux_2_17_aarch64.manylinux2014_aarch64.whl", hash = "sha256:ecc6148228c9ae25ce403eade13a0961de1cb016bdb35c6eafd8e7b87ad028b1"},
    {file = "regex-2024.4.28-cp39-cp39-manylinux_2_17_ppc64le.manylinux2014_ppc64le.whl", hash = "sha256:b7d893c8cf0e2429b823ef1a1d360a25950ed11f0e2a9df2b5198821832e1947"},
    {file = "regex-2024.4.28-cp39-cp39-manylinux_2_17_s390x.manylinux2014_s390x.whl", hash = "sha256:4290035b169578ffbbfa50d904d26bec16a94526071ebec3dadbebf67a26b25e"},
    {file = "regex-2024.4.28-cp39-cp39-manylinux_2_17_x86_64.manylinux2014_x86_64.whl", hash = "sha256:44a22ae1cfd82e4ffa2066eb3390777dc79468f866f0625261a93e44cdf6482b"},
    {file = "regex-2024.4.28-cp39-cp39-manylinux_2_5_i686.manylinux1_i686.manylinux_2_17_i686.manylinux2014_i686.whl", hash = "sha256:fd24fd140b69f0b0bcc9165c397e9b2e89ecbeda83303abf2a072609f60239e2"},
    {file = "regex-2024.4.28-cp39-cp39-manylinux_2_5_x86_64.manylinux1_x86_64.manylinux_2_12_x86_64.manylinux2010_x86_64.whl", hash = "sha256:39fb166d2196413bead229cd64a2ffd6ec78ebab83fff7d2701103cf9f4dfd26"},
    {file = "regex-2024.4.28-cp39-cp39-musllinux_1_1_aarch64.whl", hash = "sha256:9301cc6db4d83d2c0719f7fcda37229691745168bf6ae849bea2e85fc769175d"},
    {file = "regex-2024.4.28-cp39-cp39-musllinux_1_1_i686.whl", hash = "sha256:7c3d389e8d76a49923683123730c33e9553063d9041658f23897f0b396b2386f"},
    {file = "regex-2024.4.28-cp39-cp39-musllinux_1_1_ppc64le.whl", hash = "sha256:99ef6289b62042500d581170d06e17f5353b111a15aa6b25b05b91c6886df8fc"},
    {file = "regex-2024.4.28-cp39-cp39-musllinux_1_1_s390x.whl", hash = "sha256:b91d529b47798c016d4b4c1d06cc826ac40d196da54f0de3c519f5a297c5076a"},
    {file = "regex-2024.4.28-cp39-cp39-musllinux_1_1_x86_64.whl", hash = "sha256:43548ad74ea50456e1c68d3c67fff3de64c6edb85bcd511d1136f9b5376fc9d1"},
    {file = "regex-2024.4.28-cp39-cp39-win32.whl", hash = "sha256:05d9b6578a22db7dedb4df81451f360395828b04f4513980b6bd7a1412c679cc"},
    {file = "regex-2024.4.28-cp39-cp39-win_amd64.whl", hash = "sha256:3986217ec830c2109875be740531feb8ddafe0dfa49767cdcd072ed7e8927962"},
    {file = "regex-2024.4.28.tar.gz", hash = "sha256:83ab366777ea45d58f72593adf35d36ca911ea8bd838483c1823b883a121b0e4"},
]

[[package]]
name = "tqdm"
version = "4.66.4"
description = "Fast, Extensible Progress Meter"
optional = false
python-versions = ">=3.7"
files = [
    {file = "tqdm-4.66.4-py3-none-any.whl", hash = "sha256:b75ca56b413b030bc3f00af51fd2c1a1a5eac6a0c1cca83cbb37a5c52abce644"},
    {file = "tqdm-4.66.4.tar.gz", hash = "sha256:e4d936c9de8727928f3be6079590e97d9abfe8d39a590be678eb5919ffc186bb"},
]

[package.dependencies]
colorama = {version = "*", markers = "platform_system == \"Windows\""}

[package.extras]
dev = ["pytest (>=6)", "pytest-cov", "pytest-timeout", "pytest-xdist"]
notebook = ["ipywidgets (>=6)"]
slack = ["slack-sdk"]
telegram = ["requests"]

[metadata]
lock-version = "2.0"
python-versions = "^3.8"
content-hash = "438f284f1d0cf01b41100feae7275a40a225e376dcd1944fdda54adcbd79bcea"
